
Microsoft Visual Studio Solution File, Format Version 12.00
# Visual Studio Version 17
VisualStudioVersion = 17.14.36429.23
MinimumVisualStudioVersion = 10.0.40219.1
Project("{FAE04EC0-301F-11D3-BF4B-00C04F79EFBC}") = "WorkoutTimers.Lib", "WorkoutTimers.Lib\WorkoutTimers.Lib.csproj", "{ED146B66-77A5-4462-8403-A0C72A933CDE}"
EndProject
Project("{FAE04EC0-301F-11D3-BF4B-00C04F79EFBC}") = "WorkoutTimer.App", "WorkoutTimer.App\WorkoutTimer.App.csproj", "{FE9A9083-FAD1-4875-A50B-4BB9F8B69695}"
EndProject
Global
	GlobalSection(SolutionConfigurationPlatforms) = preSolution
		Debug|Any CPU = Debug|Any CPU
		Release|Any CPU = Release|Any CPU
	EndGlobalSection
	GlobalSection(ProjectConfigurationPlatforms) = postSolution
		{ED146B66-77A5-4462-8403-A0C72A933CDE}.Debug|Any CPU.ActiveCfg = Debug|Any CPU
		{ED146B66-77A5-4462-8403-A0C72A933CDE}.Debug|Any CPU.Build.0 = Debug|Any CPU
		{ED146B66-77A5-4462-8403-A0C72A933CDE}.Release|Any CPU.ActiveCfg = Release|Any CPU
		{ED146B66-77A5-4462-8403-A0C72A933CDE}.Release|Any CPU.Build.0 = Release|Any CPU
		{FE9A9083-FAD1-4875-A50B-4BB9F8B69695}.Debug|Any CPU.ActiveCfg = Debug|Any CPU
		{FE9A9083-FAD1-4875-A50B-4BB9F8B69695}.Debug|Any CPU.Build.0 = Debug|Any CPU
		{FE9A9083-FAD1-4875-A50B-4BB9F8B69695}.Debug|Any CPU.Deploy.0 = Debug|Any CPU
		{FE9A9083-FAD1-4875-A50B-4BB9F8B69695}.Release|Any CPU.ActiveCfg = Release|Any CPU
		{FE9A9083-FAD1-4875-A50B-4BB9F8B69695}.Release|Any CPU.Build.0 = Release|Any CPU
		{FE9A9083-FAD1-4875-A50B-4BB9F8B69695}.Release|Any CPU.Deploy.0 = Release|Any CPU
	EndGlobalSection
	GlobalSection(SolutionProperties) = preSolution
		HideSolutionNode = FALSE
	EndGlobalSection
	GlobalSection(ExtensibilityGlobals) = postSolution
		SolutionGuid = {EA149EE4-7907-4FC9-BD64-09B1F8A6E5C8}
	EndGlobalSection
EndGlobal
